
Microsoft Visual Studio Solution File, Format Version 12.00
# Visual Studio 15
VisualStudioVersion = 15.0.28010.2041
MinimumVisualStudioVersion = 10.0.40219.1
Project("{FAE04EC0-301F-11D3-BF4B-00C04F79EFBC}") = "Week4Group1_TimeCalc", "Week4Group1_TimeCalc\Week4Group1_TimeCalc.csproj", "{C3650F98-6E03-4E86-9E43-E07A75408136}"
EndProject
Global
	GlobalSection(SolutionConfigurationPlatforms) = preSolution
		Debug|Any CPU = Debug|Any CPU
		Release|Any CPU = Release|Any CPU
	EndGlobalSection
	GlobalSection(ProjectConfigurationPlatforms) = postSolution
		{C3650F98-6E03-4E86-9E43-E07A75408136}.Debug|Any CPU.ActiveCfg = Debug|Any CPU
		{C3650F98-6E03-4E86-9E43-E07A75408136}.Debug|Any CPU.Build.0 = Debug|Any CPU
		{C3650F98-6E03-4E86-9E43-E07A75408136}.Release|Any CPU.ActiveCfg = Release|Any CPU
		{C3650F98-6E03-4E86-9E43-E07A75408136}.Release|Any CPU.Build.0 = Release|Any CPU
	EndGlobalSection
	GlobalSection(SolutionProperties) = preSolution
		HideSolutionNode = FALSE
	EndGlobalSection
	GlobalSection(ExtensibilityGlobals) = postSolution
		SolutionGuid = {90877DFE-B4FF-4014-BDD1-93EE1F826169}
	EndGlobalSection
EndGlobal
